
Microsoft Visual Studio Solution File, Format Version 12.00
# Visual Studio 15
VisualStudioVersion = 15.0.28307.1082
MinimumVisualStudioVersion = 10.0.40219.1
Project("{FAE04EC0-301F-11D3-BF4B-00C04F79EFBC}") = "Exercicio1", "Exercicio1\Exercicio1.csproj", "{F8F2072C-3379-46DB-A940-E48102E57500}"
EndProject
Project("{FAE04EC0-301F-11D3-BF4B-00C04F79EFBC}") = "Exercicio2", "Exercicio2\Exercicio2.csproj", "{8D9878F2-4ACA-498C-9088-924611CE8301}"
EndProject
Project("{FAE04EC0-301F-11D3-BF4B-00C04F79EFBC}") = "Exercicio3", "Exercicio3\Exercicio3.csproj", "{5AD3E6A2-8E59-4660-A67B-7400A1D2C03E}"
EndProject
Project("{FAE04EC0-301F-11D3-BF4B-00C04F79EFBC}") = "Exercicio4", "Exercicio4\Exercicio4.csproj", "{0734B658-C368-4B87-A888-81D81EAC3AAD}"
EndProject
Project("{FAE04EC0-301F-11D3-BF4B-00C04F79EFBC}") = "Exercicio5", "Exercicio5\Exercicio5.csproj", "{9836DC46-1BAE-4478-886B-61E0BC15A7CB}"
EndProject
Project("{FAE04EC0-301F-11D3-BF4B-00C04F79EFBC}") = "Exercicio6", "Exercicio6\Exercicio6.csproj", "{9F2EA829-C3C9-47C5-8AF3-0EB15003F10D}"
EndProject
Project("{FAE04EC0-301F-11D3-BF4B-00C04F79EFBC}") = "Exercicio7", "Exercicio7\Exercicio7.csproj", "{6AFEDF1C-B097-4487-963C-3B92711B63E9}"
EndProject
Project("{FAE04EC0-301F-11D3-BF4B-00C04F79EFBC}") = "Exercicio8", "Exercicio8\Exercicio8.csproj", "{75127061-1D07-49BF-BBCF-06EFEFFB21A2}"
EndProject
Project("{FAE04EC0-301F-11D3-BF4B-00C04F79EFBC}") = "Exercicio9", "Exercicio9\Exercicio9.csproj", "{A5213CE5-0A53-4399-A099-FD510D4C6127}"
EndProject
Project("{FAE04EC0-301F-11D3-BF4B-00C04F79EFBC}") = "Exercicio10", "Exercicio10\Exercicio10.csproj", "{66DA5A13-F2C6-4F43-ADBE-0FC1D8FE3CCF}"
EndProject
Project("{FAE04EC0-301F-11D3-BF4B-00C04F79EFBC}") = "Exercicio11", "Exercicio11\Exercicio11.csproj", "{6D2BA6DB-EAE8-4E6C-93DD-E2C19A941697}"
EndProject
Project("{FAE04EC0-301F-11D3-BF4B-00C04F79EFBC}") = "Exercicio12", "Exercicio12\Exercicio12.csproj", "{EB03D3EF-8484-4B2E-8926-34B93E7DCB01}"
EndProject
Project("{FAE04EC0-301F-11D3-BF4B-00C04F79EFBC}") = "Exercicio13", "Exercicio13\Exercicio13.csproj", "{A024C159-EF62-40B6-AA47-2250644BB4F2}"
EndProject
Global
	GlobalSection(SolutionConfigurationPlatforms) = preSolution
		Debug|Any CPU = Debug|Any CPU
		Release|Any CPU = Release|Any CPU
	EndGlobalSection
	GlobalSection(ProjectConfigurationPlatforms) = postSolution
		{F8F2072C-3379-46DB-A940-E48102E57500}.Debug|Any CPU.ActiveCfg = Debug|Any CPU
		{F8F2072C-3379-46DB-A940-E48102E57500}.Debug|Any CPU.Build.0 = Debug|Any CPU
		{F8F2072C-3379-46DB-A940-E48102E57500}.Release|Any CPU.ActiveCfg = Release|Any CPU
		{F8F2072C-3379-46DB-A940-E48102E57500}.Release|Any CPU.Build.0 = Release|Any CPU
		{8D9878F2-4ACA-498C-9088-924611CE8301}.Debug|Any CPU.ActiveCfg = Debug|Any CPU
		{8D9878F2-4ACA-498C-9088-924611CE8301}.Debug|Any CPU.Build.0 = Debug|Any CPU
		{8D9878F2-4ACA-498C-9088-924611CE8301}.Release|Any CPU.ActiveCfg = Release|Any CPU
		{8D9878F2-4ACA-498C-9088-924611CE8301}.Release|Any CPU.Build.0 = Release|Any CPU
		{5AD3E6A2-8E59-4660-A67B-7400A1D2C03E}.Debug|Any CPU.ActiveCfg = Debug|Any CPU
		{5AD3E6A2-8E59-4660-A67B-7400A1D2C03E}.Debug|Any CPU.Build.0 = Debug|Any CPU
		{5AD3E6A2-8E59-4660-A67B-7400A1D2C03E}.Release|Any CPU.ActiveCfg = Release|Any CPU
		{5AD3E6A2-8E59-4660-A67B-7400A1D2C03E}.Release|Any CPU.Build.0 = Release|Any CPU
		{0734B658-C368-4B87-A888-81D81EAC3AAD}.Debug|Any CPU.ActiveCfg = Debug|Any CPU
		{0734B658-C368-4B87-A888-81D81EAC3AAD}.Debug|Any CPU.Build.0 = Debug|Any CPU
		{0734B658-C368-4B87-A888-81D81EAC3AAD}.Release|Any CPU.ActiveCfg = Release|Any CPU
		{0734B658-C368-4B87-A888-81D81EAC3AAD}.Release|Any CPU.Build.0 = Release|Any CPU
		{9836DC46-1BAE-4478-886B-61E0BC15A7CB}.Debug|Any CPU.ActiveCfg = Debug|Any CPU
		{9836DC46-1BAE-4478-886B-61E0BC15A7CB}.Debug|Any CPU.Build.0 = Debug|Any CPU
		{9836DC46-1BAE-4478-886B-61E0BC15A7CB}.Release|Any CPU.ActiveCfg = Release|Any CPU
		{9836DC46-1BAE-4478-886B-61E0BC15A7CB}.Release|Any CPU.Build.0 = Release|Any CPU
		{9F2EA829-C3C9-47C5-8AF3-0EB15003F10D}.Debug|Any CPU.ActiveCfg = Debug|Any CPU
		{9F2EA829-C3C9-47C5-8AF3-0EB15003F10D}.Debug|Any CPU.Build.0 = Debug|Any CPU
		{9F2EA829-C3C9-47C5-8AF3-0EB15003F10D}.Release|Any CPU.ActiveCfg = Release|Any CPU
		{9F2EA829-C3C9-47C5-8AF3-0EB15003F10D}.Release|Any CPU.Build.0 = Release|Any CPU
		{6AFEDF1C-B097-4487-963C-3B92711B63E9}.Debug|Any CPU.ActiveCfg = Debug|Any CPU
		{6AFEDF1C-B097-4487-963C-3B92711B63E9}.Debug|Any CPU.Build.0 = Debug|Any CPU
		{6AFEDF1C-B097-4487-963C-3B92711B63E9}.Release|Any CPU.ActiveCfg = Release|Any CPU
		{6AFEDF1C-B097-4487-963C-3B92711B63E9}.Release|Any CPU.Build.0 = Release|Any CPU
		{75127061-1D07-49BF-BBCF-06EFEFFB21A2}.Debug|Any CPU.ActiveCfg = Debug|Any CPU
		{75127061-1D07-49BF-BBCF-06EFEFFB21A2}.Debug|Any CPU.Build.0 = Debug|Any CPU
		{75127061-1D07-49BF-BBCF-06EFEFFB21A2}.Release|Any CPU.ActiveCfg = Release|Any CPU
		{75127061-1D07-49BF-BBCF-06EFEFFB21A2}.Release|Any CPU.Build.0 = Release|Any CPU
		{A5213CE5-0A53-4399-A099-FD510D4C6127}.Debug|Any CPU.ActiveCfg = Debug|Any CPU
		{A5213CE5-0A53-4399-A099-FD510D4C6127}.Debug|Any CPU.Build.0 = Debug|Any CPU
		{A5213CE5-0A53-4399-A099-FD510D4C6127}.Release|Any CPU.ActiveCfg = Release|Any CPU
		{A5213CE5-0A53-4399-A099-FD510D4C6127}.Release|Any CPU.Build.0 = Release|Any CPU
		{66DA5A13-F2C6-4F43-ADBE-0FC1D8FE3CCF}.Debug|Any CPU.ActiveCfg = Debug|Any CPU
		{66DA5A13-F2C6-4F43-ADBE-0FC1D8FE3CCF}.Debug|Any CPU.Build.0 = Debug|Any CPU
		{66DA5A13-F2C6-4F43-ADBE-0FC1D8FE3CCF}.Release|Any CPU.ActiveCfg = Release|Any CPU
		{66DA5A13-F2C6-4F43-ADBE-0FC1D8FE3CCF}.Release|Any CPU.Build.0 = Release|Any CPU
		{6D2BA6DB-EAE8-4E6C-93DD-E2C19A941697}.Debug|Any CPU.ActiveCfg = Debug|Any CPU
		{6D2BA6DB-EAE8-4E6C-93DD-E2C19A941697}.Debug|Any CPU.Build.0 = Debug|Any CPU
		{6D2BA6DB-EAE8-4E6C-93DD-E2C19A941697}.Release|Any CPU.ActiveCfg = Release|Any CPU
		{6D2BA6DB-EAE8-4E6C-93DD-E2C19A941697}.Release|Any CPU.Build.0 = Release|Any CPU
		{EB03D3EF-8484-4B2E-8926-34B93E7DCB01}.Debug|Any CPU.ActiveCfg = Debug|Any CPU
		{EB03D3EF-8484-4B2E-8926-34B93E7DCB01}.Debug|Any CPU.Build.0 = Debug|Any CPU
		{EB03D3EF-8484-4B2E-8926-34B93E7DCB01}.Release|Any CPU.ActiveCfg = Release|Any CPU
		{EB03D3EF-8484-4B2E-8926-34B93E7DCB01}.Release|Any CPU.Build.0 = Release|Any CPU
		{A024C159-EF62-40B6-AA47-2250644BB4F2}.Debug|Any CPU.ActiveCfg = Debug|Any CPU
		{A024C159-EF62-40B6-AA47-2250644BB4F2}.Debug|Any CPU.Build.0 = Debug|Any CPU
		{A024C159-EF62-40B6-AA47-2250644BB4F2}.Release|Any CPU.ActiveCfg = Release|Any CPU
		{A024C159-EF62-40B6-AA47-2250644BB4F2}.Release|Any CPU.Build.0 = Release|Any CPU
	EndGlobalSection
	GlobalSection(SolutionProperties) = preSolution
		HideSolutionNode = FALSE
	EndGlobalSection
	GlobalSection(ExtensibilityGlobals) = postSolution
		SolutionGuid = {BE7556CE-2B0D-4FDC-97A3-032EB8630D05}
	EndGlobalSection
EndGlobal
