
Microsoft Visual Studio Solution File, Format Version 12.00
# Visual Studio 15
VisualStudioVersion = 15.0.28307.1082
MinimumVisualStudioVersion = 10.0.40219.1
Project("{FAE04EC0-301F-11D3-BF4B-00C04F79EFBC}") = "Exercicio1", "Exercicio1\Exercicio1.csproj", "{F8F2072C-3379-46DB-A940-E48102E57500}"
EndProject
Project("{FAE04EC0-301F-11D3-BF4B-00C04F79EFBC}") = "Exercicio2", "Exercicio2\Exercicio2.csproj", "{8D9878F2-4ACA-498C-9088-924611CE8301}"
EndProject
Project("{FAE04EC0-301F-11D3-BF4B-00C04F79EFBC}") = "Exercicio3", "Exercicio3\Exercicio3.csproj", "{5AD3E6A2-8E59-4660-A67B-7400A1D2C03E}"
EndProject
Project("{FAE04EC0-301F-11D3-BF4B-00C04F79EFBC}") = "Exercicio4", "Exercicio4\Exercicio4.csproj", "{0734B658-C368-4B87-A888-81D81EAC3AAD}"
EndProject
Project("{FAE04EC0-301F-11D3-BF4B-00C04F79EFBC}") = "Exercicio5", "Exercicio5\Exercicio5.csproj", "{9836DC46-1BAE-4478-886B-61E0BC15A7CB}"
EndProject
Global
	GlobalSection(SolutionConfigurationPlatforms) = preSolution
		Debug|Any CPU = Debug|Any CPU
		Release|Any CPU = Release|Any CPU
	EndGlobalSection
	GlobalSection(ProjectConfigurationPlatforms) = postSolution
		{F8F2072C-3379-46DB-A940-E48102E57500}.Debug|Any CPU.ActiveCfg = Debug|Any CPU
		{F8F2072C-3379-46DB-A940-E48102E57500}.Debug|Any CPU.Build.0 = Debug|Any CPU
		{F8F2072C-3379-46DB-A940-E48102E57500}.Release|Any CPU.ActiveCfg = Release|Any CPU
		{F8F2072C-3379-46DB-A940-E48102E57500}.Release|Any CPU.Build.0 = Release|Any CPU
		{8D9878F2-4ACA-498C-9088-924611CE8301}.Debug|Any CPU.ActiveCfg = Debug|Any CPU
		{8D9878F2-4ACA-498C-9088-924611CE8301}.Debug|Any CPU.Build.0 = Debug|Any CPU
		{8D9878F2-4ACA-498C-9088-924611CE8301}.Release|Any CPU.ActiveCfg = Release|Any CPU
		{8D9878F2-4ACA-498C-9088-924611CE8301}.Release|Any CPU.Build.0 = Release|Any CPU
		{5AD3E6A2-8E59-4660-A67B-7400A1D2C03E}.Debug|Any CPU.ActiveCfg = Debug|Any CPU
		{5AD3E6A2-8E59-4660-A67B-7400A1D2C03E}.Debug|Any CPU.Build.0 = Debug|Any CPU
		{5AD3E6A2-8E59-4660-A67B-7400A1D2C03E}.Release|Any CPU.ActiveCfg = Release|Any CPU
		{5AD3E6A2-8E59-4660-A67B-7400A1D2C03E}.Release|Any CPU.Build.0 = Release|Any CPU
		{0734B658-C368-4B87-A888-81D81EAC3AAD}.Debug|Any CPU.ActiveCfg = Debug|Any CPU
		{0734B658-C368-4B87-A888-81D81EAC3AAD}.Debug|Any CPU.Build.0 = Debug|Any CPU
		{0734B658-C368-4B87-A888-81D81EAC3AAD}.Release|Any CPU.ActiveCfg = Release|Any CPU
		{0734B658-C368-4B87-A888-81D81EAC3AAD}.Release|Any CPU.Build.0 = Release|Any CPU
		{9836DC46-1BAE-4478-886B-61E0BC15A7CB}.Debug|Any CPU.ActiveCfg = Debug|Any CPU
		{9836DC46-1BAE-4478-886B-61E0BC15A7CB}.Debug|Any CPU.Build.0 = Debug|Any CPU
		{9836DC46-1BAE-4478-886B-61E0BC15A7CB}.Release|Any CPU.ActiveCfg = Release|Any CPU
		{9836DC46-1BAE-4478-886B-61E0BC15A7CB}.Release|Any CPU.Build.0 = Release|Any CPU
	EndGlobalSection
	GlobalSection(SolutionProperties) = preSolution
		HideSolutionNode = FALSE
	EndGlobalSection
	GlobalSection(ExtensibilityGlobals) = postSolution
		SolutionGuid = {BE7556CE-2B0D-4FDC-97A3-032EB8630D05}
	EndGlobalSection
EndGlobal
